
Microsoft Visual Studio Solution File, Format Version 12.00
# Visual Studio Version 17
VisualStudioVersion = 17.11.35222.181
MinimumVisualStudioVersion = 10.0.40219.1
Project("{FAE04EC0-301F-11D3-BF4B-00C04F79EFBC}") = "KiemTraWeb", "KiemTraWeb\KiemTraWeb.csproj", "{05017A79-1563-4DDD-A9AD-44F32B1F05C5}"
EndProject
Global
	GlobalSection(SolutionConfigurationPlatforms) = preSolution
		Debug|Any CPU = Debug|Any CPU
		Release|Any CPU = Release|Any CPU
	EndGlobalSection
	GlobalSection(ProjectConfigurationPlatforms) = postSolution
		{05017A79-1563-4DDD-A9AD-44F32B1F05C5}.Debug|Any CPU.ActiveCfg = Debug|Any CPU
		{05017A79-1563-4DDD-A9AD-44F32B1F05C5}.Debug|Any CPU.Build.0 = Debug|Any CPU
		{05017A79-1563-4DDD-A9AD-44F32B1F05C5}.Release|Any CPU.ActiveCfg = Release|Any CPU
		{05017A79-1563-4DDD-A9AD-44F32B1F05C5}.Release|Any CPU.Build.0 = Release|Any CPU
	EndGlobalSection
	GlobalSection(SolutionProperties) = preSolution
		HideSolutionNode = FALSE
	EndGlobalSection
	GlobalSection(ExtensibilityGlobals) = postSolution
		SolutionGuid = {6FAFADA5-DEEA-41D9-8727-CD1F5352A603}
	EndGlobalSection
EndGlobal
